
Microsoft Visual Studio Solution File, Format Version 12.00
# Visual Studio 15
VisualStudioVersion = 15.0.28010.2003
MinimumVisualStudioVersion = 10.0.40219.1
Project("{8BC9CEB8-8B4A-11D0-8D11-00A0C91BC942}") = "ConsoleApplication1", "ConsoleApplication1\ConsoleApplication1.vcxproj", "{F42EB838-E9C4-415C-B57D-5196E22A6985}"
EndProject
Global
	GlobalSection(SolutionConfigurationPlatforms) = preSolution
		Debug|x64 = Debug|x64
		Debug|x86 = Debug|x86
		Release|x64 = Release|x64
		Release|x86 = Release|x86
	EndGlobalSection
	GlobalSection(ProjectConfigurationPlatforms) = postSolution
		{F42EB838-E9C4-415C-B57D-5196E22A6985}.Debug|x64.ActiveCfg = Debug|x64
		{F42EB838-E9C4-415C-B57D-5196E22A6985}.Debug|x64.Build.0 = Debug|x64
		{F42EB838-E9C4-415C-B57D-5196E22A6985}.Debug|x86.ActiveCfg = Debug|Win32
		{F42EB838-E9C4-415C-B57D-5196E22A6985}.Debug|x86.Build.0 = Debug|Win32
		{F42EB838-E9C4-415C-B57D-5196E22A6985}.Release|x64.ActiveCfg = Release|x64
		{F42EB838-E9C4-415C-B57D-5196E22A6985}.Release|x64.Build.0 = Release|x64
		{F42EB838-E9C4-415C-B57D-5196E22A6985}.Release|x86.ActiveCfg = Release|Win32
		{F42EB838-E9C4-415C-B57D-5196E22A6985}.Release|x86.Build.0 = Release|Win32
	EndGlobalSection
	GlobalSection(SolutionProperties) = preSolution
		HideSolutionNode = FALSE
	EndGlobalSection
	GlobalSection(ExtensibilityGlobals) = postSolution
		SolutionGuid = {6B2753A3-9D22-4109-8CBB-6E9175BA5F5E}
	EndGlobalSection
EndGlobal
