
Microsoft Visual Studio Solution File, Format Version 12.00
# Visual Studio 15
VisualStudioVersion = 15.0.27130.2024
MinimumVisualStudioVersion = 10.0.40219.1
Project("{8BC9CEB8-8B4A-11D0-8D11-00A0C91BC942}") = "PracticeExercise9", "PracticeExercise9\PracticeExercise9.vcxproj", "{F7EF4581-C533-439D-A6BB-C2C53AEAA129}"
EndProject
Global
	GlobalSection(SolutionConfigurationPlatforms) = preSolution
		Debug|x64 = Debug|x64
		Debug|x86 = Debug|x86
		Release|x64 = Release|x64
		Release|x86 = Release|x86
	EndGlobalSection
	GlobalSection(ProjectConfigurationPlatforms) = postSolution
		{F7EF4581-C533-439D-A6BB-C2C53AEAA129}.Debug|x64.ActiveCfg = Debug|x64
		{F7EF4581-C533-439D-A6BB-C2C53AEAA129}.Debug|x64.Build.0 = Debug|x64
		{F7EF4581-C533-439D-A6BB-C2C53AEAA129}.Debug|x86.ActiveCfg = Debug|Win32
		{F7EF4581-C533-439D-A6BB-C2C53AEAA129}.Debug|x86.Build.0 = Debug|Win32
		{F7EF4581-C533-439D-A6BB-C2C53AEAA129}.Release|x64.ActiveCfg = Release|x64
		{F7EF4581-C533-439D-A6BB-C2C53AEAA129}.Release|x64.Build.0 = Release|x64
		{F7EF4581-C533-439D-A6BB-C2C53AEAA129}.Release|x86.ActiveCfg = Release|Win32
		{F7EF4581-C533-439D-A6BB-C2C53AEAA129}.Release|x86.Build.0 = Release|Win32
	EndGlobalSection
	GlobalSection(SolutionProperties) = preSolution
		HideSolutionNode = FALSE
	EndGlobalSection
	GlobalSection(ExtensibilityGlobals) = postSolution
		SolutionGuid = {009853F8-8916-4A0A-B4DA-F36359C81B4B}
	EndGlobalSection
EndGlobal
