
Microsoft Visual Studio Solution File, Format Version 12.00
# Visual Studio 15
VisualStudioVersion = 15.0.27130.2024
MinimumVisualStudioVersion = 10.0.40219.1
Project("{8BC9CEB8-8B4A-11D0-8D11-00A0C91BC942}") = "PraticeExercise11", "PraticeExercise11\PraticeExercise11.vcxproj", "{1D216B8C-7DBB-419C-9006-7F6B0764169B}"
EndProject
Global
	GlobalSection(SolutionConfigurationPlatforms) = preSolution
		Debug|x64 = Debug|x64
		Debug|x86 = Debug|x86
		Release|x64 = Release|x64
		Release|x86 = Release|x86
	EndGlobalSection
	GlobalSection(ProjectConfigurationPlatforms) = postSolution
		{1D216B8C-7DBB-419C-9006-7F6B0764169B}.Debug|x64.ActiveCfg = Debug|x64
		{1D216B8C-7DBB-419C-9006-7F6B0764169B}.Debug|x64.Build.0 = Debug|x64
		{1D216B8C-7DBB-419C-9006-7F6B0764169B}.Debug|x86.ActiveCfg = Debug|Win32
		{1D216B8C-7DBB-419C-9006-7F6B0764169B}.Debug|x86.Build.0 = Debug|Win32
		{1D216B8C-7DBB-419C-9006-7F6B0764169B}.Release|x64.ActiveCfg = Release|x64
		{1D216B8C-7DBB-419C-9006-7F6B0764169B}.Release|x64.Build.0 = Release|x64
		{1D216B8C-7DBB-419C-9006-7F6B0764169B}.Release|x86.ActiveCfg = Release|Win32
		{1D216B8C-7DBB-419C-9006-7F6B0764169B}.Release|x86.Build.0 = Release|Win32
	EndGlobalSection
	GlobalSection(SolutionProperties) = preSolution
		HideSolutionNode = FALSE
	EndGlobalSection
	GlobalSection(ExtensibilityGlobals) = postSolution
		SolutionGuid = {65177A54-6E7F-4FC6-A4A0-CA392D237437}
	EndGlobalSection
EndGlobal
